{
  "lockfileVersion": 1,
  "configVersion": 1,
  "workspaces": {
    "": {
      "name": "kuato",
      "dependencies": {
        "obscenity": "^0.4.6",
      },
    },
  },
  "packages": {
    "obscenity": ["obscenity@0.4.6", "", {}, "sha512-pHk7kNN7j3L3zGhhGnwxjvXIGsPpLrcZl2r58fqWh/V/rH6b/dafscj2sMmAY+A/9/wPsocLmimgGk2DKeKsFQ=="],
  }
}
